
Microsoft Visual Studio Solution File, Format Version 12.00
# Visual Studio Version 16
VisualStudioVersion = 16.0.32428.217
MinimumVisualStudioVersion = 10.0.40219.1
Project("{FAE04EC0-301F-11D3-BF4B-00C04F79EFBC}") = "E2ESelenium", "E2ESelenium\E2ESelenium.csproj", "{5080ED12-0464-499A-8F3B-7DDFD731710D}"
EndProject
Global
	GlobalSection(SolutionConfigurationPlatforms) = preSolution
		Debug|Any CPU = Debug|Any CPU
		Release|Any CPU = Release|Any CPU
	EndGlobalSection
	GlobalSection(ProjectConfigurationPlatforms) = postSolution
		{5080ED12-0464-499A-8F3B-7DDFD731710D}.Debug|Any CPU.ActiveCfg = Debug|Any CPU
		{5080ED12-0464-499A-8F3B-7DDFD731710D}.Debug|Any CPU.Build.0 = Debug|Any CPU
		{5080ED12-0464-499A-8F3B-7DDFD731710D}.Release|Any CPU.ActiveCfg = Release|Any CPU
		{5080ED12-0464-499A-8F3B-7DDFD731710D}.Release|Any CPU.Build.0 = Release|Any CPU
	EndGlobalSection
	GlobalSection(SolutionProperties) = preSolution
		HideSolutionNode = FALSE
	EndGlobalSection
	GlobalSection(ExtensibilityGlobals) = postSolution
		SolutionGuid = {5C5DC293-C985-4A10-ABB3-4B907BE0370D}
	EndGlobalSection
EndGlobal
